// !$*UTF8*$!
{
	archiveVersion = 1;
	classes = {
	};
	objectVersion = 48;
	objects = {

/* Begin PBXBuildFile section */
		D4673AE92088895A00156A8D /* AppDelegate.swift in Sources */ = {isa = PBXBuildFile; fileRef = D4673AE82088895A00156A8D /* AppDelegate.swift */; };
		D4673AEB2088895A00156A8D /* ViewController.swift in Sources */ = {isa = PBXBuildFile; fileRef = D4673AEA2088895A00156A8D /* ViewController.swift */; };
		D4673AEE2088895A00156A8D /* Main.storyboard in Resources */ = {isa = PBXBuildFile; fileRef = D4673AEC2088895A00156A8D /* Main.storyboard */; };
		D4673AF02088895A00156A8D /* Assets.xcassets in Resources */ = {isa = PBXBuildFile; fileRef = D4673AEF2088895A00156A8D /* Assets.xcassets */; };
		D4673AF32088895A00156A8D /* LaunchScreen.storyboard in Resources */ = {isa = PBXBuildFile; fileRef = D4673AF12088895A00156A8D /* LaunchScreen.storyboard */; };
		D4673AFE2088895A00156A8D /* TopAppsTests.swift in Sources */ = {isa = PBXBuildFile; fileRef = D4673AFD2088895A00156A8D /* TopAppsTests.swift */; };
		D4673B092088895A00156A8D /* TopAppsUITests.swift in Sources */ = {isa = PBXBuildFile; fileRef = D4673B082088895A00156A8D /* TopAppsUITests.swift */; };
/* End PBXBuildFile section */

/* Begin PBXContainerItemProxy section */
		D4673AFA2088895A00156A8D /* PBXContainerItemProxy */ = {
			isa = PBXContainerItemProxy;
			containerPortal = D4673ADD2088895A00156A8D /* Project object */;
			proxyType = 1;
			remoteGlobalIDString = D4673AE42088895A00156A8D;
			remoteInfo = TopApps;
		};
		D4673B052088895A00156A8D /* PBXContainerItemProxy */ = {
			isa = PBXContainerItemProxy;
			containerPortal = D4673ADD2088895A00156A8D /* Project object */;
			proxyType = 1;
			remoteGlobalIDString = D4673AE42088895A00156A8D;
			remoteInfo = TopApps;
		};
/* End PBXContainerItemProxy section */

/* Begin PBXFileReference section */
		D4673AE52088895A00156A8D /* TopApps.app */ = {isa = PBXFileReference; explicitFileType = wrapper.application; includeInIndex = 0; path = TopApps.app; sourceTree = BUILT_PRODUCTS_DIR; };
		D4673AE82088895A00156A8D /* AppDelegate.swift */ = {isa = PBXFileReference; lastKnownFileType = sourcecode.swift; path = AppDelegate.swift; sourceTree = "<group>"; };
		D4673AEA2088895A00156A8D /* ViewController.swift */ = {isa = PBXFileReference; lastKnownFileType = sourcecode.swift; path = ViewController.swift; sourceTree = "<group>"; };
		D4673AED2088895A00156A8D /* Base */ = {isa = PBXFileReference; lastKnownFileType = file.storyboard; name = Base; path = Base.lproj/Main.storyboard; sourceTree = "<group>"; };
		D4673AEF2088895A00156A8D /* Assets.xcassets */ = {isa = PBXFileReference; lastKnownFileType = folder.assetcatalog; path = Assets.xcassets; sourceTree = "<group>"; };
		D4673AF22088895A00156A8D /* Base */ = {isa = PBXFileReference; lastKnownFileType = file.storyboard; name = Base; path = Base.lproj/LaunchScreen.storyboard; sourceTree = "<group>"; };
		D4673AF42088895A00156A8D /* Info.plist */ = {isa = PBXFileReference; lastKnownFileType = text.plist.xml; path = Info.plist; sourceTree = "<group>"; };
		D4673AF92088895A00156A8D /* TopAppsTests.xctest */ = {isa = PBXFileReference; explicitFileType = wrapper.cfbundle; includeInIndex = 0; path = TopAppsTests.xctest; sourceTree = BUILT_PRODUCTS_DIR; };
		D4673AFD2088895A00156A8D /* TopAppsTests.swift */ = {isa = PBXFileReference; lastKnownFileType = sourcecode.swift; path = TopAppsTests.swift; sourceTree = "<group>"; };
		D4673AFF2088895A00156A8D /* Info.plist */ = {isa = PBXFileReference; lastKnownFileType = text.plist.xml; path = Info.plist; sourceTree = "<group>"; };
		D4673B042088895A00156A8D /* TopAppsUITests.xctest */ = {isa = PBXFileReference; explicitFileType = wrapper.cfbundle; includeInIndex = 0; path = TopAppsUITests.xctest; sourceTree = BUILT_PRODUCTS_DIR; };
		D4673B082088895A00156A8D /* TopAppsUITests.swift */ = {isa = PBXFileReference; lastKnownFileType = sourcecode.swift; path = TopAppsUITests.swift; sourceTree = "<group>"; };
		D4673B0A2088895A00156A8D /* Info.plist */ = {isa = PBXFileReference; lastKnownFileType = text.plist.xml; path = Info.plist; sourceTree = "<group>"; };
/* End PBXFileReference section */

/* Begin PBXFrameworksBuildPhase section */
		D4673AE22088895A00156A8D /* Frameworks */ = {
			isa = PBXFrameworksBuildPhase;
			buildActionMask = 2147483647;
			files = (
			);
			runOnlyForDeploymentPostprocessing = 0;
		};
		D4673AF62088895A00156A8D /* Frameworks */ = {
			isa = PBXFrameworksBuildPhase;
			buildActionMask = 2147483647;
			files = (
			);
			runOnlyForDeploymentPostprocessing = 0;
		};
		D4673B012088895A00156A8D /* Frameworks */ = {
			isa = PBXFrameworksBuildPhase;
			buildActionMask = 2147483647;
			files = (
			);
			runOnlyForDeploymentPostprocessing = 0;
		};
/* End PBXFrameworksBuildPhase section */

/* Begin PBXGroup section */
		D4673ADC2088895A00156A8D = {
			isa = PBXGroup;
			children = (
				D4673AE72088895A00156A8D /* TopApps */,
				D4673AFC2088895A00156A8D /* TopAppsTests */,
				D4673B072088895A00156A8D /* TopAppsUITests */,
				D4673AE62088895A00156A8D /* Products */,
			);
			sourceTree = "<group>";
		};
		D4673AE62088895A00156A8D /* Products */ = {
			isa = PBXGroup;
			children = (
				D4673AE52088895A00156A8D /* TopApps.app */,
				D4673AF92088895A00156A8D /* TopAppsTests.xctest */,
				D4673B042088895A00156A8D /* TopAppsUITests.xctest */,
			);
			name = Products;
			sourceTree = "<group>";
		};
		D4673AE72088895A00156A8D /* TopApps */ = {
			isa = PBXGroup;
			children = (
				D4673AE82088895A00156A8D /* AppDelegate.swift */,
				D4673AEA2088895A00156A8D /* ViewController.swift */,
				D4673AEC2088895A00156A8D /* Main.storyboard */,
				D4673AEF2088895A00156A8D /* Assets.xcassets */,
				D4673AF12088895A00156A8D /* LaunchScreen.storyboard */,
				D4673AF42088895A00156A8D /* Info.plist */,
			);
			path = TopApps;
			sourceTree = "<group>";
		};
		D4673AFC2088895A00156A8D /* TopAppsTests */ = {
			isa = PBXGroup;
			children = (
				D4673AFD2088895A00156A8D /* TopAppsTests.swift */,
				D4673AFF2088895A00156A8D /* Info.plist */,
			);
			path = TopAppsTests;
			sourceTree = "<group>";
		};
		D4673B072088895A00156A8D /* TopAppsUITests */ = {
			isa = PBXGroup;
			children = (
				D4673B082088895A00156A8D /* TopAppsUITests.swift */,
				D4673B0A2088895A00156A8D /* Info.plist */,
			);
			path = TopAppsUITests;
			sourceTree = "<group>";
		};
/* End PBXGroup section */

/* Begin PBXNativeTarget section */
		D4673AE42088895A00156A8D /* TopApps */ = {
			isa = PBXNativeTarget;
			buildConfigurationList = D4673B0D2088895A00156A8D /* Build configuration list for PBXNativeTarget "TopApps" */;
			buildPhases = (
				D4673AE12088895A00156A8D /* Sources */,
				D4673AE22088895A00156A8D /* Frameworks */,
				D4673AE32088895A00156A8D /* Resources */,
			);
			buildRules = (
			);
			dependencies = (
			);
			name = TopApps;
			productName = TopApps;
			productReference = D4673AE52088895A00156A8D /* TopApps.app */;
			productType = "com.apple.product-type.application";
		};
		D4673AF82088895A00156A8D /* TopAppsTests */ = {
			isa = PBXNativeTarget;
			buildConfigurationList = D4673B102088895A00156A8D /* Build configuration list for PBXNativeTarget "TopAppsTests" */;
			buildPhases = (
				D4673AF52088895A00156A8D /* Sources */,
				D4673AF62088895A00156A8D /* Frameworks */,
				D4673AF72088895A00156A8D /* Resources */,
			);
			buildRules = (
			);
			dependencies = (
				D4673AFB2088895A00156A8D /* PBXTargetDependency */,
			);
			name = TopAppsTests;
			productName = TopAppsTests;
			productReference = D4673AF92088895A00156A8D /* TopAppsTests.xctest */;
			productType = "com.apple.product-type.bundle.unit-test";
		};
		D4673B032088895A00156A8D /* TopAppsUITests */ = {
			isa = PBXNativeTarget;
			buildConfigurationList = D4673B132088895A00156A8D /* Build configuration list for PBXNativeTarget "TopAppsUITests" */;
			buildPhases = (
				D4673B002088895A00156A8D /* Sources */,
				D4673B012088895A00156A8D /* Frameworks */,
				D4673B022088895A00156A8D /* Resources */,
			);
			buildRules = (
			);
			dependencies = (
				D4673B062088895A00156A8D /* PBXTargetDependency */,
			);
			name = TopAppsUITests;
			productName = TopAppsUITests;
			productReference = D4673B042088895A00156A8D /* TopAppsUITests.xctest */;
			productType = "com.apple.product-type.bundle.ui-testing";
		};
/* End PBXNativeTarget section */

/* Begin PBXProject section */
		D4673ADD2088895A00156A8D /* Project object */ = {
			isa = PBXProject;
			attributes = {
				LastSwiftUpdateCheck = 0920;
				LastUpgradeCheck = 0920;
				ORGANIZATIONNAME = Roja;
				TargetAttributes = {
					D4673AE42088895A00156A8D = {
						CreatedOnToolsVersion = 9.2;
						ProvisioningStyle = Automatic;
					};
					D4673AF82088895A00156A8D = {
						CreatedOnToolsVersion = 9.2;
						ProvisioningStyle = Automatic;
						TestTargetID = D4673AE42088895A00156A8D;
					};
					D4673B032088895A00156A8D = {
						CreatedOnToolsVersion = 9.2;
						ProvisioningStyle = Automatic;
						TestTargetID = D4673AE42088895A00156A8D;
					};
				};
			};
			buildConfigurationList = D4673AE02088895A00156A8D /* Build configuration list for PBXProject "TopApps" */;
			compatibilityVersion = "Xcode 8.0";
			developmentRegion = en;
			hasScannedForEncodings = 0;
			knownRegions = (
				en,
				Base,
			);
			mainGroup = D4673ADC2088895A00156A8D;
			productRefGroup = D4673AE62088895A00156A8D /* Products */;
			projectDirPath = "";
			projectRoot = "";
			targets = (
				D4673AE42088895A00156A8D /* TopApps */,
				D4673AF82088895A00156A8D /* TopAppsTests */,
				D4673B032088895A00156A8D /* TopAppsUITests */,
			);
		};
/* End PBXProject section */

/* Begin PBXResourcesBuildPhase section */
		D4673AE32088895A00156A8D /* Resources */ = {
			isa = PBXResourcesBuildPhase;
			buildActionMask = 2147483647;
			files = (
				D4673AF32088895A00156A8D /* LaunchScreen.storyboard in Resources */,
				D4673AF02088895A00156A8D /* Assets.xcassets in Resources */,
				D4673AEE2088895A00156A8D /* Main.storyboard in Resources */,
			);
			runOnlyForDeploymentPostprocessing = 0;
		};
		D4673AF72088895A00156A8D /* Resources */ = {
			isa = PBXResourcesBuildPhase;
			buildActionMask = 2147483647;
			files = (
			);
			runOnlyForDeploymentPostprocessing = 0;
		};
		D4673B022088895A00156A8D /* Resources */ = {
			isa = PBXResourcesBuildPhase;
			buildActionMask = 2147483647;
			files = (
			);
			runOnlyForDeploymentPostprocessing = 0;
		};
/* End PBXResourcesBuildPhase section */

/* Begin PBXSourcesBuildPhase section */
		D4673AE12088895A00156A8D /* Sources */ = {
			isa = PBXSourcesBuildPhase;
			buildActionMask = 2147483647;
			files = (
				D4673AEB2088895A00156A8D /* ViewController.swift in Sources */,
				D4673AE92088895A00156A8D /* AppDelegate.swift in Sources */,
			);
			runOnlyForDeploymentPostprocessing = 0;
		};
		D4673AF52088895A00156A8D /* Sources */ = {
			isa = PBXSourcesBuildPhase;
			buildActionMask = 2147483647;
			files = (
				D4673AFE2088895A00156A8D /* TopAppsTests.swift in Sources */,
			);
			runOnlyForDeploymentPostprocessing = 0;
		};
		D4673B002088895A00156A8D /* Sources */ = {
			isa = PBXSourcesBuildPhase;
			buildActionMask = 2147483647;
			files = (
				D4673B092088895A00156A8D /* TopAppsUITests.swift in Sources */,
			);
			runOnlyForDeploymentPostprocessing = 0;
		};
/* End PBXSourcesBuildPhase section */

/* Begin PBXTargetDependency section */
		D4673AFB2088895A00156A8D /* PBXTargetDependency */ = {
			isa = PBXTargetDependency;
			target = D4673AE42088895A00156A8D /* TopApps */;
			targetProxy = D4673AFA2088895A00156A8D /* PBXContainerItemProxy */;
		};
		D4673B062088895A00156A8D /* PBXTargetDependency */ = {
			isa = PBXTargetDependency;
			target = D4673AE42088895A00156A8D /* TopApps */;
			targetProxy = D4673B052088895A00156A8D /* PBXContainerItemProxy */;
		};
/* End PBXTargetDependency section */

/* Begin PBXVariantGroup section */
		D4673AEC2088895A00156A8D /* Main.storyboard */ = {
			isa = PBXVariantGroup;
			children = (
				D4673AED2088895A00156A8D /* Base */,
			);
			name = Main.storyboard;
			sourceTree = "<group>";
		};
		D4673AF12088895A00156A8D /* LaunchScreen.storyboard */ = {
			isa = PBXVariantGroup;
			children = (
				D4673AF22088895A00156A8D /* Base */,
			);
			name = LaunchScreen.storyboard;
			sourceTree = "<group>";
		};
/* End PBXVariantGroup section */

/* Begin XCBuildConfiguration section */
		D4673B0B2088895A00156A8D /* Debug */ = {
			isa = XCBuildConfiguration;
			buildSettings = {
				ALWAYS_SEARCH_USER_PATHS = NO;
				CLANG_ANALYZER_NONNULL = YES;
				CLANG_ANALYZER_NUMBER_OBJECT_CONVERSION = YES_AGGRESSIVE;
				CLANG_CXX_LANGUAGE_STANDARD = "gnu++14";
				CLANG_CXX_LIBRARY = "libc++";
				CLANG_ENABLE_MODULES = YES;
				CLANG_ENABLE_OBJC_ARC = YES;
				CLANG_WARN_BLOCK_CAPTURE_AUTORELEASING = YES;
				CLANG_WARN_BOOL_CONVERSION = YES;
				CLANG_WARN_COMMA = YES;
				CLANG_WARN_CONSTANT_CONVERSION = YES;
				CLANG_WARN_DIRECT_OBJC_ISA_USAGE = YES_ERROR;
				CLANG_WARN_DOCUMENTATION_COMMENTS = YES;
				CLANG_WARN_EMPTY_BODY = YES;
				CLANG_WARN_ENUM_CONVERSION = YES;
				CLANG_WARN_INFINITE_RECURSION = YES;
				CLANG_WARN_INT_CONVERSION = YES;
				CLANG_WARN_NON_LITERAL_NULL_CONVERSION = YES;
				CLANG_WARN_OBJC_LITERAL_CONVERSION = YES;
				CLANG_WARN_OBJC_ROOT_CLASS = YES_ERROR;
				CLANG_WARN_RANGE_LOOP_ANALYSIS = YES;
				CLANG_WARN_STRICT_PROTOTYPES = YES;
				CLANG_WARN_SUSPICIOUS_MOVE = YES;
				CLANG_WARN_UNGUARDED_AVAILABILITY = YES_AGGRESSIVE;
				CLANG_WARN_UNREACHABLE_CODE = YES;
				CLANG_WARN__DUPLICATE_METHOD_MATCH = YES;
				CODE_SIGN_IDENTITY = "iPhone Developer";
				COPY_PHASE_STRIP = NO;
				DEBUG_INFORMATION_FORMAT = dwarf;
				ENABLE_STRICT_OBJC_MSGSEND = YES;
				ENABLE_TESTABILITY = YES;
				GCC_C_LANGUAGE_STANDARD = gnu11;
				GCC_DYNAMIC_NO_PIC = NO;
				GCC_NO_COMMON_BLOCKS = YES;
				GCC_OPTIMIZATION_LEVEL = 0;
				GCC_PREPROCESSOR_DEFINITIONS = (
					"DEBUG=1",
					"$(inherited)",
				);
				GCC_WARN_64_TO_32_BIT_CONVERSION = YES;
				GCC_WARN_ABOUT_RETURN_TYPE = YES_ERROR;
				GCC_WARN_UNDECLARED_SELECTOR = YES;
				GCC_WARN_UNINITIALIZED_AUTOS = YES_AGGRESSIVE;
				GCC_WARN_UNUSED_FUNCTION = YES;
				GCC_WARN_UNUSED_VARIABLE = YES;
				IPHONEOS_DEPLOYMENT_TARGET = 11.2;
				MTL_ENABLE_DEBUG_INFO = YES;
				ONLY_ACTIVE_ARCH = YES;
				SDKROOT = iphoneos;
				SWIFT_ACTIVE_COMPILATION_CONDITIONS = DEBUG;
				SWIFT_OPTIMIZATION_LEVEL = "-Onone";
			};
			name = Debug;
		};
		D4673B0C2088895A00156A8D /* Release */ = {
			isa = XCBuildConfiguration;
			buildSettings = {
				ALWAYS_SEARCH_USER_PATHS = NO;
				CLANG_ANALYZER_NONNULL = YES;
				CLANG_ANALYZER_NUMBER_OBJECT_CONVERSION = YES_AGGRESSIVE;
				CLANG_CXX_LANGUAGE_STANDARD = "gnu++14";
				CLANG_CXX_LIBRARY = "libc++";
				CLANG_ENABLE_MODULES = YES;
				CLANG_ENABLE_OBJC_ARC = YES;
				CLANG_WARN_BLOCK_CAPTURE_AUTORELEASING = YES;
				CLANG_WARN_BOOL_CONVERSION = YES;
				CLANG_WARN_COMMA = YES;
				CLANG_WARN_CONSTANT_CONVERSION = YES;
				CLANG_WARN_DIRECT_OBJC_ISA_USAGE = YES_ERROR;
				CLANG_WARN_DOCUMENTATION_COMMENTS = YES;
				CLANG_WARN_EMPTY_BODY = YES;
				CLANG_WARN_ENUM_CONVERSION = YES;
				CLANG_WARN_INFINITE_RECURSION = YES;
				CLANG_WARN_INT_CONVERSION = YES;
				CLANG_WARN_NON_LITERAL_NULL_CONVERSION = YES;
				CLANG_WARN_OBJC_LITERAL_CONVERSION = YES;
				CLANG_WARN_OBJC_ROOT_CLASS = YES_ERROR;
				CLANG_WARN_RANGE_LOOP_ANALYSIS = YES;
				CLANG_WARN_STRICT_PROTOTYPES = YES;
				CLANG_WARN_SUSPICIOUS_MOVE = YES;
				CLANG_WARN_UNGUARDED_AVAILABILITY = YES_AGGRESSIVE;
				CLANG_WARN_UNREACHABLE_CODE = YES;
				CLANG_WARN__DUPLICATE_METHOD_MATCH = YES;
				CODE_SIGN_IDENTITY = "iPhone Developer";
				COPY_PHASE_STRIP = NO;
				DEBUG_INFORMATION_FORMAT = "dwarf-with-dsym";
				ENABLE_NS_ASSERTIONS = NO;
				ENABLE_STRICT_OBJC_MSGSEND = YES;
				GCC_C_LANGUAGE_STANDARD = gnu11;
				GCC_NO_COMMON_BLOCKS = YES;
				GCC_WARN_64_TO_32_BIT_CONVERSION = YES;
				GCC_WARN_ABOUT_RETURN_TYPE = YES_ERROR;
				GCC_WARN_UNDECLARED_SELECTOR = YES;
				GCC_WARN_UNINITIALIZED_AUTOS = YES_AGGRESSIVE;
				GCC_WARN_UNUSED_FUNCTION = YES;
				GCC_WARN_UNUSED_VARIABLE = YES;
				IPHONEOS_DEPLOYMENT_TARGET = 11.2;
				MTL_ENABLE_DEBUG_INFO = NO;
				SDKROOT = iphoneos;
				SWIFT_OPTIMIZATION_LEVEL = "-Owholemodule";
				VALIDATE_PRODUCT = YES;
			};
			name = Release;
		};
		D4673B0E2088895A00156A8D /* Debug */ = {
			isa = XCBuildConfiguration;
			buildSettings = {
				ASSETCATALOG_COMPILER_APPICON_NAME = AppIcon;
				CODE_SIGN_STYLE = Automatic;
				INFOPLIST_FILE = TopApps/Info.plist;
				LD_RUNPATH_SEARCH_PATHS = "$(inherited) @executable_path/Frameworks";
				PRODUCT_BUNDLE_IDENTIFIER = brn.TopApps;
				PRODUCT_NAME = "$(TARGET_NAME)";
				SWIFT_VERSION = 4.0;
				TARGETED_DEVICE_FAMILY = "1,2";
			};
			name = Debug;
		};
		D4673B0F2088895A00156A8D /* Release */ = {
			isa = XCBuildConfiguration;
			buildSettings = {
				ASSETCATALOG_COMPILER_APPICON_NAME = AppIcon;
				CODE_SIGN_STYLE = Automatic;
				INFOPLIST_FILE = TopApps/Info.plist;
				LD_RUNPATH_SEARCH_PATHS = "$(inherited) @executable_path/Frameworks";
				PRODUCT_BUNDLE_IDENTIFIER = brn.TopApps;
				PRODUCT_NAME = "$(TARGET_NAME)";
				SWIFT_VERSION = 4.0;
				TARGETED_DEVICE_FAMILY = "1,2";
			};
			name = Release;
		};
		D4673B112088895A00156A8D /* Debug */ = {
			isa = XCBuildConfiguration;
			buildSettings = {
				ALWAYS_EMBED_SWIFT_STANDARD_LIBRARIES = YES;
				BUNDLE_LOADER = "$(TEST_HOST)";
				CODE_SIGN_STYLE = Automatic;
				INFOPLIST_FILE = TopAppsTests/Info.plist;
				LD_RUNPATH_SEARCH_PATHS = "$(inherited) @executable_path/Frameworks @loader_path/Frameworks";
				PRODUCT_BUNDLE_IDENTIFIER = brn.TopAppsTests;
				PRODUCT_NAME = "$(TARGET_NAME)";
				SWIFT_VERSION = 4.0;
				TARGETED_DEVICE_FAMILY = "1,2";
				TEST_HOST = "$(BUILT_PRODUCTS_DIR)/TopApps.app/TopApps";
			};
			name = Debug;
		};
		D4673B122088895A00156A8D /* Release */ = {
			isa = XCBuildConfiguration;
			buildSettings = {
				ALWAYS_EMBED_SWIFT_STANDARD_LIBRARIES = YES;
				BUNDLE_LOADER = "$(TEST_HOST)";
				CODE_SIGN_STYLE = Automatic;
				INFOPLIST_FILE = TopAppsTests/Info.plist;
				LD_RUNPATH_SEARCH_PATHS = "$(inherited) @executable_path/Frameworks @loader_path/Frameworks";
				PRODUCT_BUNDLE_IDENTIFIER = brn.TopAppsTests;
				PRODUCT_NAME = "$(TARGET_NAME)";
				SWIFT_VERSION = 4.0;
				TARGETED_DEVICE_FAMILY = "1,2";
				TEST_HOST = "$(BUILT_PRODUCTS_DIR)/TopApps.app/TopApps";
			};
			name = Release;
		};
		D4673B142088895A00156A8D /* Debug */ = {
			isa = XCBuildConfiguration;
			buildSettings = {
				ALWAYS_EMBED_SWIFT_STANDARD_LIBRARIES = YES;
				CODE_SIGN_STYLE = Automatic;
				INFOPLIST_FILE = TopAppsUITests/Info.plist;
				LD_RUNPATH_SEARCH_PATHS = "$(inherited) @executable_path/Frameworks @loader_path/Frameworks";
				PRODUCT_BUNDLE_IDENTIFIER = brn.TopAppsUITests;
				PRODUCT_NAME = "$(TARGET_NAME)";
				SWIFT_VERSION = 4.0;
				TARGETED_DEVICE_FAMILY = "1,2";
				TEST_TARGET_NAME = TopApps;
			};
			name = Debug;
		};
		D4673B152088895A00156A8D /* Release */ = {
			isa = XCBuildConfiguration;
			buildSettings = {
				ALWAYS_EMBED_SWIFT_STANDARD_LIBRARIES = YES;
				CODE_SIGN_STYLE = Automatic;
				INFOPLIST_FILE = TopAppsUITests/Info.plist;
				LD_RUNPATH_SEARCH_PATHS = "$(inherited) @executable_path/Frameworks @loader_path/Frameworks";
				PRODUCT_BUNDLE_IDENTIFIER = brn.TopAppsUITests;
				PRODUCT_NAME = "$(TARGET_NAME)";
				SWIFT_VERSION = 4.0;
				TARGETED_DEVICE_FAMILY = "1,2";
				TEST_TARGET_NAME = TopApps;
			};
			name = Release;
		};
/* End XCBuildConfiguration section */

/* Begin XCConfigurationList section */
		D4673AE02088895A00156A8D /* Build configuration list for PBXProject "TopApps" */ = {
			isa = XCConfigurationList;
			buildConfigurations = (
				D4673B0B2088895A00156A8D /* Debug */,
				D4673B0C2088895A00156A8D /* Release */,
			);
			defaultConfigurationIsVisible = 0;
			defaultConfigurationName = Release;
		};
		D4673B0D2088895A00156A8D /* Build configuration list for PBXNativeTarget "TopApps" */ = {
			isa = XCConfigurationList;
			buildConfigurations = (
				D4673B0E2088895A00156A8D /* Debug */,
				D4673B0F2088895A00156A8D /* Release */,
			);
			defaultConfigurationIsVisible = 0;
			defaultConfigurationName = Release;
		};
		D4673B102088895A00156A8D /* Build configuration list for PBXNativeTarget "TopAppsTests" */ = {
			isa = XCConfigurationList;
			buildConfigurations = (
				D4673B112088895A00156A8D /* Debug */,
				D4673B122088895A00156A8D /* Release */,
			);
			defaultConfigurationIsVisible = 0;
			defaultConfigurationName = Release;
		};
		D4673B132088895A00156A8D /* Build configuration list for PBXNativeTarget "TopAppsUITests" */ = {
			isa = XCConfigurationList;
			buildConfigurations = (
				D4673B142088895A00156A8D /* Debug */,
				D4673B152088895A00156A8D /* Release */,
			);
			defaultConfigurationIsVisible = 0;
			defaultConfigurationName = Release;
		};
/* End XCConfigurationList section */
	};
	rootObject = D4673ADD2088895A00156A8D /* Project object */;
}
